
Microsoft Visual Studio Solution File, Format Version 12.00
# Visual Studio Version 16
VisualStudioVersion = 16.0.30330.147
MinimumVisualStudioVersion = 10.0.40219.1
Project("{FAE04EC0-301F-11D3-BF4B-00C04F79EFBC}") = "SalesWebMvc", "SalesWebMvc\SalesWebMvc.csproj", "{0A2E87EA-6383-43F0-B3E1-27F0EB85132E}"
EndProject
Global
	GlobalSection(SolutionConfigurationPlatforms) = preSolution
		Debug|Any CPU = Debug|Any CPU
		Release|Any CPU = Release|Any CPU
	EndGlobalSection
	GlobalSection(ProjectConfigurationPlatforms) = postSolution
		{0A2E87EA-6383-43F0-B3E1-27F0EB85132E}.Debug|Any CPU.ActiveCfg = Debug|Any CPU
		{0A2E87EA-6383-43F0-B3E1-27F0EB85132E}.Debug|Any CPU.Build.0 = Debug|Any CPU
		{0A2E87EA-6383-43F0-B3E1-27F0EB85132E}.Release|Any CPU.ActiveCfg = Release|Any CPU
		{0A2E87EA-6383-43F0-B3E1-27F0EB85132E}.Release|Any CPU.Build.0 = Release|Any CPU
	EndGlobalSection
	GlobalSection(SolutionProperties) = preSolution
		HideSolutionNode = FALSE
	EndGlobalSection
	GlobalSection(ExtensibilityGlobals) = postSolution
		SolutionGuid = {0434301F-BF82-47ED-8C22-03C0F9944F24}
	EndGlobalSection
EndGlobal
